{
  "name": "projetocric",
  "lockfileVersion": 2,
  "requires": true,
  "packages": {
    "": {
      "dependencies": {
        "polyline-encoded": "^0.0.9"
      }
    },
    "node_modules/polyline-encoded": {
      "version": "0.0.9",
      "resolved": "https://registry.npmjs.org/polyline-encoded/-/polyline-encoded-0.0.9.tgz",
      "integrity": "sha512-xv6ONShzZdcISK6IT8x3IqsqxPq7HRqcPJ80V4et4hMolIRct5s/5dtUkfO7hGZEeKtWZ1fK7/fKur8gbd4fvg=="
    }
  },
  "dependencies": {
    "polyline-encoded": {
      "version": "0.0.9",
      "resolved": "https://registry.npmjs.org/polyline-encoded/-/polyline-encoded-0.0.9.tgz",
      "integrity": "sha512-xv6ONShzZdcISK6IT8x3IqsqxPq7HRqcPJ80V4et4hMolIRct5s/5dtUkfO7hGZEeKtWZ1fK7/fKur8gbd4fvg=="
    }
  }
}
